
Microsoft Visual Studio Solution File, Format Version 12.00
# Visual Studio Version 17
VisualStudioVersion = 17.3.32825.248
MinimumVisualStudioVersion = 10.0.40219.1
Project("{FAE04EC0-301F-11D3-BF4B-00C04F79EFBC}") = "MarsRoverProblem", "MarsRoverProblem\MarsRoverProblem.csproj", "{DC1ECFDE-5D33-471D-8637-8B933F312460}"
EndProject
Project("{FAE04EC0-301F-11D3-BF4B-00C04F79EFBC}") = "MarsRoverProblem.Data", "MarsRoverProblem.Data\MarsRoverProblem.Data.csproj", "{F14374C6-43C2-4B9A-A391-E09D7933A61F}"
EndProject
Project("{FAE04EC0-301F-11D3-BF4B-00C04F79EFBC}") = "MarsRoverProblem.Repository", "MarsRoverProblem.Repository\MarsRoverProblem.Repository.csproj", "{67161167-1305-4860-93D3-5B7CCD2DE3EB}"
EndProject
Project("{FAE04EC0-301F-11D3-BF4B-00C04F79EFBC}") = "MarsRoverProblem.Service", "MarsRoverProblem.Service\MarsRoverProblem.Service.csproj", "{B131A602-E5E1-4E6E-BEC7-E15380225D3B}"
EndProject
Project("{FAE04EC0-301F-11D3-BF4B-00C04F79EFBC}") = "MarsRoverProblem.Tests", "MarsRoverProblem.Tests\MarsRoverProblem.Tests.csproj", "{998CF7B7-7980-4F5C-BFFA-436ED9083344}"
EndProject
Global
	GlobalSection(SolutionConfigurationPlatforms) = preSolution
		Debug|Any CPU = Debug|Any CPU
		Release|Any CPU = Release|Any CPU
	EndGlobalSection
	GlobalSection(ProjectConfigurationPlatforms) = postSolution
		{DC1ECFDE-5D33-471D-8637-8B933F312460}.Debug|Any CPU.ActiveCfg = Debug|Any CPU
		{DC1ECFDE-5D33-471D-8637-8B933F312460}.Debug|Any CPU.Build.0 = Debug|Any CPU
		{DC1ECFDE-5D33-471D-8637-8B933F312460}.Release|Any CPU.ActiveCfg = Release|Any CPU
		{DC1ECFDE-5D33-471D-8637-8B933F312460}.Release|Any CPU.Build.0 = Release|Any CPU
		{F14374C6-43C2-4B9A-A391-E09D7933A61F}.Debug|Any CPU.ActiveCfg = Debug|Any CPU
		{F14374C6-43C2-4B9A-A391-E09D7933A61F}.Debug|Any CPU.Build.0 = Debug|Any CPU
		{F14374C6-43C2-4B9A-A391-E09D7933A61F}.Release|Any CPU.ActiveCfg = Release|Any CPU
		{F14374C6-43C2-4B9A-A391-E09D7933A61F}.Release|Any CPU.Build.0 = Release|Any CPU
		{67161167-1305-4860-93D3-5B7CCD2DE3EB}.Debug|Any CPU.ActiveCfg = Debug|Any CPU
		{67161167-1305-4860-93D3-5B7CCD2DE3EB}.Debug|Any CPU.Build.0 = Debug|Any CPU
		{67161167-1305-4860-93D3-5B7CCD2DE3EB}.Release|Any CPU.ActiveCfg = Release|Any CPU
		{67161167-1305-4860-93D3-5B7CCD2DE3EB}.Release|Any CPU.Build.0 = Release|Any CPU
		{B131A602-E5E1-4E6E-BEC7-E15380225D3B}.Debug|Any CPU.ActiveCfg = Debug|Any CPU
		{B131A602-E5E1-4E6E-BEC7-E15380225D3B}.Debug|Any CPU.Build.0 = Debug|Any CPU
		{B131A602-E5E1-4E6E-BEC7-E15380225D3B}.Release|Any CPU.ActiveCfg = Release|Any CPU
		{B131A602-E5E1-4E6E-BEC7-E15380225D3B}.Release|Any CPU.Build.0 = Release|Any CPU
		{998CF7B7-7980-4F5C-BFFA-436ED9083344}.Debug|Any CPU.ActiveCfg = Debug|Any CPU
		{998CF7B7-7980-4F5C-BFFA-436ED9083344}.Debug|Any CPU.Build.0 = Debug|Any CPU
		{998CF7B7-7980-4F5C-BFFA-436ED9083344}.Release|Any CPU.ActiveCfg = Release|Any CPU
		{998CF7B7-7980-4F5C-BFFA-436ED9083344}.Release|Any CPU.Build.0 = Release|Any CPU
	EndGlobalSection
	GlobalSection(SolutionProperties) = preSolution
		HideSolutionNode = FALSE
	EndGlobalSection
	GlobalSection(ExtensibilityGlobals) = postSolution
		SolutionGuid = {CD37F795-8941-4DD4-BFCA-9DD1CCDE7F41}
	EndGlobalSection
EndGlobal
